
Microsoft Visual Studio Solution File, Format Version 12.00
# Visual Studio Version 16
VisualStudioVersion = 16.0.30114.105
MinimumVisualStudioVersion = 10.0.40219.1
Project("{FAE04EC0-301F-11D3-BF4B-00C04F79EFBC}") = "gui demo - vs project", "gui demo - vs project\gui demo - vs project.csproj", "{61232A86-F473-44E6-A521-775DFC1423CF}"
EndProject
Global
	GlobalSection(SolutionConfigurationPlatforms) = preSolution
		Debug|Any CPU = Debug|Any CPU
		Release|Any CPU = Release|Any CPU
	EndGlobalSection
	GlobalSection(ProjectConfigurationPlatforms) = postSolution
		{61232A86-F473-44E6-A521-775DFC1423CF}.Debug|Any CPU.ActiveCfg = Debug|Any CPU
		{61232A86-F473-44E6-A521-775DFC1423CF}.Debug|Any CPU.Build.0 = Debug|Any CPU
		{61232A86-F473-44E6-A521-775DFC1423CF}.Release|Any CPU.ActiveCfg = Release|Any CPU
		{61232A86-F473-44E6-A521-775DFC1423CF}.Release|Any CPU.Build.0 = Release|Any CPU
	EndGlobalSection
	GlobalSection(SolutionProperties) = preSolution
		HideSolutionNode = FALSE
	EndGlobalSection
	GlobalSection(ExtensibilityGlobals) = postSolution
		SolutionGuid = {22744B29-D162-4FF0-AAE1-31778DCF182B}
	EndGlobalSection
EndGlobal
